
Microsoft Visual Studio Solution File, Format Version 12.00
# Visual Studio 15
VisualStudioVersion = 15.0.27130.2026
MinimumVisualStudioVersion = 10.0.40219.1
Project("{FAE04EC0-301F-11D3-BF4B-00C04F79EFBC}") = "scrapper5", "scrapper5\scrapper5.csproj", "{C60E6137-6AF7-4952-AF0A-05663E634A55}"
EndProject
Global
	GlobalSection(SolutionConfigurationPlatforms) = preSolution
		Debug|Any CPU = Debug|Any CPU
		Release|Any CPU = Release|Any CPU
	EndGlobalSection
	GlobalSection(ProjectConfigurationPlatforms) = postSolution
		{C60E6137-6AF7-4952-AF0A-05663E634A55}.Debug|Any CPU.ActiveCfg = Debug|Any CPU
		{C60E6137-6AF7-4952-AF0A-05663E634A55}.Debug|Any CPU.Build.0 = Debug|Any CPU
		{C60E6137-6AF7-4952-AF0A-05663E634A55}.Release|Any CPU.ActiveCfg = Release|Any CPU
		{C60E6137-6AF7-4952-AF0A-05663E634A55}.Release|Any CPU.Build.0 = Release|Any CPU
	EndGlobalSection
	GlobalSection(SolutionProperties) = preSolution
		HideSolutionNode = FALSE
	EndGlobalSection
	GlobalSection(ExtensibilityGlobals) = postSolution
		SolutionGuid = {B083436D-97BC-4B27-8A23-9CAEDAB1D59C}
	EndGlobalSection
EndGlobal
