
Microsoft Visual Studio Solution File, Format Version 12.00
# Visual Studio 15
VisualStudioVersion = 15.0.27130.2026
MinimumVisualStudioVersion = 10.0.40219.1
Project("{E24C65DC-7377-472B-9ABA-BC803B73C61A}") = "Vidly", "Vidly\", "{2B821B3F-9804-40F5-AECC-FA71DDE0F07B}"
	ProjectSection(WebsiteProperties) = preProject
		TargetFrameworkMoniker = ".NETFramework,Version%3Dv4.6.1"
		Debug.AspNetCompiler.VirtualPath = "/localhost_59960"
		Debug.AspNetCompiler.PhysicalPath = "Vidly\"
		Debug.AspNetCompiler.TargetPath = "PrecompiledWeb\localhost_59960\"
		Debug.AspNetCompiler.Updateable = "true"
		Debug.AspNetCompiler.ForceOverwrite = "true"
		Debug.AspNetCompiler.FixedNames = "false"
		Debug.AspNetCompiler.Debug = "True"
		Release.AspNetCompiler.VirtualPath = "/localhost_59960"
		Release.AspNetCompiler.PhysicalPath = "Vidly\"
		Release.AspNetCompiler.TargetPath = "PrecompiledWeb\localhost_59960\"
		Release.AspNetCompiler.Updateable = "true"
		Release.AspNetCompiler.ForceOverwrite = "true"
		Release.AspNetCompiler.FixedNames = "false"
		Release.AspNetCompiler.Debug = "False"
		VWDPort = "59960"
		SlnRelativePath = "Vidly\"
		DefaultWebSiteLanguage = "Visual C#"
	EndProjectSection
EndProject
Global
	GlobalSection(SolutionConfigurationPlatforms) = preSolution
		Debug|Any CPU = Debug|Any CPU
	EndGlobalSection
	GlobalSection(ProjectConfigurationPlatforms) = postSolution
		{2B821B3F-9804-40F5-AECC-FA71DDE0F07B}.Debug|Any CPU.ActiveCfg = Debug|Any CPU
		{2B821B3F-9804-40F5-AECC-FA71DDE0F07B}.Debug|Any CPU.Build.0 = Debug|Any CPU
	EndGlobalSection
	GlobalSection(SolutionProperties) = preSolution
		HideSolutionNode = FALSE
	EndGlobalSection
	GlobalSection(ExtensibilityGlobals) = postSolution
		SolutionGuid = {C0A3A7E6-280E-428D-A711-1FA86FB409E0}
	EndGlobalSection
EndGlobal
